
Microsoft Visual Studio Solution File, Format Version 12.00
# Visual Studio Version 17
VisualStudioVersion = 17.1.32210.238
MinimumVisualStudioVersion = 10.0.40219.1
Project("{FAE04EC0-301F-11D3-BF4B-00C04F79EFBC}") = "ListaCompras", "ListaCompras\ListaCompras.csproj", "{72A859DC-B9A1-4AB9-81FC-1115C22848AF}"
EndProject
Global
	GlobalSection(SolutionConfigurationPlatforms) = preSolution
		Debug|Any CPU = Debug|Any CPU
		Release|Any CPU = Release|Any CPU
	EndGlobalSection
	GlobalSection(ProjectConfigurationPlatforms) = postSolution
		{72A859DC-B9A1-4AB9-81FC-1115C22848AF}.Debug|Any CPU.ActiveCfg = Debug|Any CPU
		{72A859DC-B9A1-4AB9-81FC-1115C22848AF}.Debug|Any CPU.Build.0 = Debug|Any CPU
		{72A859DC-B9A1-4AB9-81FC-1115C22848AF}.Release|Any CPU.ActiveCfg = Release|Any CPU
		{72A859DC-B9A1-4AB9-81FC-1115C22848AF}.Release|Any CPU.Build.0 = Release|Any CPU
	EndGlobalSection
	GlobalSection(SolutionProperties) = preSolution
		HideSolutionNode = FALSE
	EndGlobalSection
	GlobalSection(ExtensibilityGlobals) = postSolution
		SolutionGuid = {80274CA8-8F37-48A0-891D-7A3FB39B81EE}
	EndGlobalSection
EndGlobal
